// !$*UTF8*$!
{
	archiveVersion = 1;
	classes = {
	};
	objectVersion = 55;
	objects = {

/* Begin PBXBuildFile section */
		1FABF9012822B734006F5259 /* MovieView.swift in Sources */ = {isa = PBXBuildFile; fileRef = 1FABF9002822B734006F5259 /* MovieView.swift */; };
		3F2972C02822C67D00D1616D /* AppDelegate.swift in Sources */ = {isa = PBXBuildFile; fileRef = 3F2972BF2822C67D00D1616D /* AppDelegate.swift */; };
		3F2972C32822C94900D1616D /* ReviewSheet.swift in Sources */ = {isa = PBXBuildFile; fileRef = 3F2972C22822C94900D1616D /* ReviewSheet.swift */; };
		3F2F567E281FE5EA00C6AF76 /* MovieMatesApp.swift in Sources */ = {isa = PBXBuildFile; fileRef = 3F2F567D281FE5EA00C6AF76 /* MovieMatesApp.swift */; };
		3F2F5680281FE5EA00C6AF76 /* ContentView.swift in Sources */ = {isa = PBXBuildFile; fileRef = 3F2F567F281FE5EA00C6AF76 /* ContentView.swift */; };
		3F2F5682281FE5EB00C6AF76 /* Assets.xcassets in Resources */ = {isa = PBXBuildFile; fileRef = 3F2F5681281FE5EB00C6AF76 /* Assets.xcassets */; };
		3F2F5685281FE5EB00C6AF76 /* Preview Assets.xcassets in Resources */ = {isa = PBXBuildFile; fileRef = 3F2F5684281FE5EB00C6AF76 /* Preview Assets.xcassets */; };
		3F2F568E281FECBA00C6AF76 /* WelcomeView.swift in Sources */ = {isa = PBXBuildFile; fileRef = 3F2F568D281FECBA00C6AF76 /* WelcomeView.swift */; };
		3F2F5690281FEEAE00C6AF76 /* HomeView.swift in Sources */ = {isa = PBXBuildFile; fileRef = 3F2F568F281FEEAE00C6AF76 /* HomeView.swift */; };
		3F2F5692281FEEE200C6AF76 /* ProfileView.swift in Sources */ = {isa = PBXBuildFile; fileRef = 3F2F5691281FEEE200C6AF76 /* ProfileView.swift */; };
		3F2F5694281FEF1200C6AF76 /* SearchView.swift in Sources */ = {isa = PBXBuildFile; fileRef = 3F2F5693281FEF1200C6AF76 /* SearchView.swift */; };
		3F396FD42822917B00E1D336 /* FirebaseAuth in Frameworks */ = {isa = PBXBuildFile; productRef = 3F396FD32822917B00E1D336 /* FirebaseAuth */; };
		3F396FD62822917B00E1D336 /* FirebaseFirestore in Frameworks */ = {isa = PBXBuildFile; productRef = 3F396FD52822917B00E1D336 /* FirebaseFirestore */; };
		3F396FD82822917B00E1D336 /* FirebaseFirestoreSwift-Beta in Frameworks */ = {isa = PBXBuildFile; productRef = 3F396FD72822917B00E1D336 /* FirebaseFirestoreSwift-Beta */; };
		3F396FDB282291C000E1D336 /* FirebaseAuthUI in Frameworks */ = {isa = PBXBuildFile; productRef = 3F396FDA282291C000E1D336 /* FirebaseAuthUI */; };
		3F396FDD282291C000E1D336 /* FirebaseFacebookAuthUI in Frameworks */ = {isa = PBXBuildFile; productRef = 3F396FDC282291C000E1D336 /* FirebaseFacebookAuthUI */; };
		3F396FDF282291C000E1D336 /* FirebaseGoogleAuthUI in Frameworks */ = {isa = PBXBuildFile; productRef = 3F396FDE282291C000E1D336 /* FirebaseGoogleAuthUI */; };
		3F396FE1282291C000E1D336 /* FirebaseOAuthUI in Frameworks */ = {isa = PBXBuildFile; productRef = 3F396FE0282291C000E1D336 /* FirebaseOAuthUI */; };
		3F396FE32822940B00E1D336 /* GoogleService-Info.plist in Resources */ = {isa = PBXBuildFile; fileRef = 3F396FE22822940B00E1D336 /* GoogleService-Info.plist */; };
		3F396FE728229F0100E1D336 /* User.swift in Sources */ = {isa = PBXBuildFile; fileRef = 3F396FE628229F0100E1D336 /* User.swift */; };
		3FBC1B1928323126007D83B7 /* MovieFS.swift in Sources */ = {isa = PBXBuildFile; fileRef = 3FBC1B1828323126007D83B7 /* MovieFS.swift */; };
		3FBC1B1B2832389B007D83B7 /* ReviewManager.swift in Sources */ = {isa = PBXBuildFile; fileRef = 3FBC1B1A2832389B007D83B7 /* ReviewManager.swift */; };
		3FC3D1B52823C9970005E8BD /* FirestoreManager.swift in Sources */ = {isa = PBXBuildFile; fileRef = 3FC3D1B42823C9970005E8BD /* FirestoreManager.swift */; };
		41319567282A8AA9004F9015 /* NotificationSheet.swift in Sources */ = {isa = PBXBuildFile; fileRef = 41319566282A8AA9004F9015 /* NotificationSheet.swift */; };
		415764E02822743300A9795A /* UserManager.swift in Sources */ = {isa = PBXBuildFile; fileRef = 415764DF2822743300A9795A /* UserManager.swift */; };
		415764E22829063500A9795A /* SettingsSheet.swift in Sources */ = {isa = PBXBuildFile; fileRef = 415764E12829063400A9795A /* SettingsSheet.swift */; };
		55738AC32823CED200A5ED38 /* Review.swift in Sources */ = {isa = PBXBuildFile; fileRef = 55738AC22823CED200A5ED38 /* Review.swift */; };
		55738AC52823CF6F00A5ED38 /* Movie.swift in Sources */ = {isa = PBXBuildFile; fileRef = 55738AC42823CF6F00A5ED38 /* Movie.swift */; };
		55738AC72823D2E300A5ED38 /* MovieCardView.swift in Sources */ = {isa = PBXBuildFile; fileRef = 55738AC62823D2E300A5ED38 /* MovieCardView.swift */; };
		55D7B82228294A0900D7F31D /* MovieViewModel.swift in Sources */ = {isa = PBXBuildFile; fileRef = 55D7B82128294A0900D7F31D /* MovieViewModel.swift */; };
		B54891982827B44A00B9ABF4 /* Alamofire in Frameworks */ = {isa = PBXBuildFile; productRef = B54891972827B44A00B9ABF4 /* Alamofire */; };
		B548919A2827F68500B9ABF4 /* MovieListViewModel.swift in Sources */ = {isa = PBXBuildFile; fileRef = B54891992827F68500B9ABF4 /* MovieListViewModel.swift */; };
		B548919C2827F97F00B9ABF4 /* SearchBar.swift in Sources */ = {isa = PBXBuildFile; fileRef = B548919B2827F97F00B9ABF4 /* SearchBar.swift */; };
		B548919E282800B000B9ABF4 /* Constants.swift in Sources */ = {isa = PBXBuildFile; fileRef = B548919D282800B000B9ABF4 /* Constants.swift */; };
		B54891A0282830F100B9ABF4 /* APIResponse.swift in Sources */ = {isa = PBXBuildFile; fileRef = B548919F282830F100B9ABF4 /* APIResponse.swift */; };
		B54891A32828FB6F00B9ABF4 /* AlamofireImage in Frameworks */ = {isa = PBXBuildFile; productRef = B54891A22828FB6F00B9ABF4 /* AlamofireImage */; };
		B54891A9282B15F700B9ABF4 /* SearchViewInfo.swift in Sources */ = {isa = PBXBuildFile; fileRef = B54891A8282B15F700B9ABF4 /* SearchViewInfo.swift */; };
/* End PBXBuildFile section */

/* Begin PBXFileReference section */
		1FABF9002822B734006F5259 /* MovieView.swift */ = {isa = PBXFileReference; lastKnownFileType = sourcecode.swift; path = MovieView.swift; sourceTree = "<group>"; };
		3F2972BF2822C67D00D1616D /* AppDelegate.swift */ = {isa = PBXFileReference; fileEncoding = 4; lastKnownFileType = sourcecode.swift; path = AppDelegate.swift; sourceTree = "<group>"; };
		3F2972C22822C94900D1616D /* ReviewSheet.swift */ = {isa = PBXFileReference; lastKnownFileType = sourcecode.swift; path = ReviewSheet.swift; sourceTree = "<group>"; };
		3F2F567A281FE5EA00C6AF76 /* MovieMates.app */ = {isa = PBXFileReference; explicitFileType = wrapper.application; includeInIndex = 0; path = MovieMates.app; sourceTree = BUILT_PRODUCTS_DIR; };
		3F2F567D281FE5EA00C6AF76 /* MovieMatesApp.swift */ = {isa = PBXFileReference; lastKnownFileType = sourcecode.swift; path = MovieMatesApp.swift; sourceTree = "<group>"; };
		3F2F567F281FE5EA00C6AF76 /* ContentView.swift */ = {isa = PBXFileReference; lastKnownFileType = sourcecode.swift; path = ContentView.swift; sourceTree = "<group>"; };
		3F2F5681281FE5EB00C6AF76 /* Assets.xcassets */ = {isa = PBXFileReference; lastKnownFileType = folder.assetcatalog; path = Assets.xcassets; sourceTree = "<group>"; };
		3F2F5684281FE5EB00C6AF76 /* Preview Assets.xcassets */ = {isa = PBXFileReference; lastKnownFileType = folder.assetcatalog; path = "Preview Assets.xcassets"; sourceTree = "<group>"; };
		3F2F568D281FECBA00C6AF76 /* WelcomeView.swift */ = {isa = PBXFileReference; lastKnownFileType = sourcecode.swift; path = WelcomeView.swift; sourceTree = "<group>"; };
		3F2F568F281FEEAE00C6AF76 /* HomeView.swift */ = {isa = PBXFileReference; lastKnownFileType = sourcecode.swift; path = HomeView.swift; sourceTree = "<group>"; };
		3F2F5691281FEEE200C6AF76 /* ProfileView.swift */ = {isa = PBXFileReference; lastKnownFileType = sourcecode.swift; path = ProfileView.swift; sourceTree = "<group>"; };
		3F2F5693281FEF1200C6AF76 /* SearchView.swift */ = {isa = PBXFileReference; lastKnownFileType = sourcecode.swift; path = SearchView.swift; sourceTree = "<group>"; };
		3F396FE22822940B00E1D336 /* GoogleService-Info.plist */ = {isa = PBXFileReference; fileEncoding = 4; lastKnownFileType = text.plist.xml; path = "GoogleService-Info.plist"; sourceTree = "<group>"; };
		3F396FE428229A9400E1D336 /* Info.plist */ = {isa = PBXFileReference; lastKnownFileType = text.plist; path = Info.plist; sourceTree = "<group>"; };
		3F396FE628229F0100E1D336 /* User.swift */ = {isa = PBXFileReference; lastKnownFileType = sourcecode.swift; path = User.swift; sourceTree = "<group>"; };
		3FBC1B1828323126007D83B7 /* MovieFS.swift */ = {isa = PBXFileReference; lastKnownFileType = sourcecode.swift; path = MovieFS.swift; sourceTree = "<group>"; };
		3FBC1B1A2832389B007D83B7 /* ReviewManager.swift */ = {isa = PBXFileReference; lastKnownFileType = sourcecode.swift; path = ReviewManager.swift; sourceTree = "<group>"; };
		3FC3D1B42823C9970005E8BD /* FirestoreManager.swift */ = {isa = PBXFileReference; lastKnownFileType = sourcecode.swift; path = FirestoreManager.swift; sourceTree = "<group>"; };
		41319566282A8AA9004F9015 /* NotificationSheet.swift */ = {isa = PBXFileReference; lastKnownFileType = sourcecode.swift; path = NotificationSheet.swift; sourceTree = "<group>"; };
		415764DF2822743300A9795A /* UserManager.swift */ = {isa = PBXFileReference; lastKnownFileType = sourcecode.swift; path = UserManager.swift; sourceTree = "<group>"; };
		415764E12829063400A9795A /* SettingsSheet.swift */ = {isa = PBXFileReference; lastKnownFileType = sourcecode.swift; path = SettingsSheet.swift; sourceTree = "<group>"; };
		55738AC22823CED200A5ED38 /* Review.swift */ = {isa = PBXFileReference; lastKnownFileType = sourcecode.swift; path = Review.swift; sourceTree = "<group>"; };
		55738AC42823CF6F00A5ED38 /* Movie.swift */ = {isa = PBXFileReference; lastKnownFileType = sourcecode.swift; path = Movie.swift; sourceTree = "<group>"; };
		55738AC62823D2E300A5ED38 /* MovieCardView.swift */ = {isa = PBXFileReference; lastKnownFileType = sourcecode.swift; path = MovieCardView.swift; sourceTree = "<group>"; };
		55D7B82128294A0900D7F31D /* MovieViewModel.swift */ = {isa = PBXFileReference; lastKnownFileType = sourcecode.swift; path = MovieViewModel.swift; sourceTree = "<group>"; };
		B54891992827F68500B9ABF4 /* MovieListViewModel.swift */ = {isa = PBXFileReference; lastKnownFileType = sourcecode.swift; path = MovieListViewModel.swift; sourceTree = "<group>"; };
		B548919B2827F97F00B9ABF4 /* SearchBar.swift */ = {isa = PBXFileReference; lastKnownFileType = sourcecode.swift; path = SearchBar.swift; sourceTree = "<group>"; };
		B548919D282800B000B9ABF4 /* Constants.swift */ = {isa = PBXFileReference; lastKnownFileType = sourcecode.swift; path = Constants.swift; sourceTree = "<group>"; };
		B548919F282830F100B9ABF4 /* APIResponse.swift */ = {isa = PBXFileReference; lastKnownFileType = sourcecode.swift; path = APIResponse.swift; sourceTree = "<group>"; };
		B54891A8282B15F700B9ABF4 /* SearchViewInfo.swift */ = {isa = PBXFileReference; lastKnownFileType = sourcecode.swift; path = SearchViewInfo.swift; sourceTree = "<group>"; };
/* End PBXFileReference section */

/* Begin PBXFrameworksBuildPhase section */
		3F2F5677281FE5EA00C6AF76 /* Frameworks */ = {
			isa = PBXFrameworksBuildPhase;
			buildActionMask = 2147483647;
			files = (
				3F396FD82822917B00E1D336 /* FirebaseFirestoreSwift-Beta in Frameworks */,
				B54891982827B44A00B9ABF4 /* Alamofire in Frameworks */,
				B54891A32828FB6F00B9ABF4 /* AlamofireImage in Frameworks */,
				3F396FD42822917B00E1D336 /* FirebaseAuth in Frameworks */,
				3F396FDF282291C000E1D336 /* FirebaseGoogleAuthUI in Frameworks */,
				3F396FE1282291C000E1D336 /* FirebaseOAuthUI in Frameworks */,
				3F396FD62822917B00E1D336 /* FirebaseFirestore in Frameworks */,
				3F396FDD282291C000E1D336 /* FirebaseFacebookAuthUI in Frameworks */,
				3F396FDB282291C000E1D336 /* FirebaseAuthUI in Frameworks */,
			);
			runOnlyForDeploymentPostprocessing = 0;
		};
/* End PBXFrameworksBuildPhase section */

/* Begin PBXGroup section */
		3F2972C12822C92D00D1616D /* ViewComponents */ = {
			isa = PBXGroup;
			children = (
				3F2972C22822C94900D1616D /* ReviewSheet.swift */,
				55738AC62823D2E300A5ED38 /* MovieCardView.swift */,
				415764E12829063400A9795A /* SettingsSheet.swift */,
				41319566282A8AA9004F9015 /* NotificationSheet.swift */,
			);
			path = ViewComponents;
			sourceTree = "<group>";
		};
		3F2F5671281FE5EA00C6AF76 = {
			isa = PBXGroup;
			children = (
				3F2F567C281FE5EA00C6AF76 /* MovieMates */,
				3F2F567B281FE5EA00C6AF76 /* Products */,
			);
			sourceTree = "<group>";
		};
		3F2F567B281FE5EA00C6AF76 /* Products */ = {
			isa = PBXGroup;
			children = (
				3F2F567A281FE5EA00C6AF76 /* MovieMates.app */,
			);
			name = Products;
			sourceTree = "<group>";
		};
		3F2F567C281FE5EA00C6AF76 /* MovieMates */ = {
			isa = PBXGroup;
			children = (
				3F396FE428229A9400E1D336 /* Info.plist */,
				3F396FE22822940B00E1D336 /* GoogleService-Info.plist */,
				3FC3D1B32823C9420005E8BD /* Services */,
				415764DE282273AD00A9795A /* ViewModels */,
				3F396FE528229ED300E1D336 /* Models */,
				3F2F568C281FEC3300C6AF76 /* Views */,
				3F2F567D281FE5EA00C6AF76 /* MovieMatesApp.swift */,
				3F2972BF2822C67D00D1616D /* AppDelegate.swift */,
				3F2F5681281FE5EB00C6AF76 /* Assets.xcassets */,
				3F2F5683281FE5EB00C6AF76 /* Preview Content */,
			);
			path = MovieMates;
			sourceTree = "<group>";
		};
		3F2F5683281FE5EB00C6AF76 /* Preview Content */ = {
			isa = PBXGroup;
			children = (
				3F2F5684281FE5EB00C6AF76 /* Preview Assets.xcassets */,
			);
			path = "Preview Content";
			sourceTree = "<group>";
		};
		3F2F568C281FEC3300C6AF76 /* Views */ = {
			isa = PBXGroup;
			children = (
				3F2F567F281FE5EA00C6AF76 /* ContentView.swift */,
				1FABF9002822B734006F5259 /* MovieView.swift */,
				3F2F568D281FECBA00C6AF76 /* WelcomeView.swift */,
				3F2F568F281FEEAE00C6AF76 /* HomeView.swift */,
				3F2F5691281FEEE200C6AF76 /* ProfileView.swift */,
				3F2F5693281FEF1200C6AF76 /* SearchView.swift */,
				3F2972C12822C92D00D1616D /* ViewComponents */,
				B548919B2827F97F00B9ABF4 /* SearchBar.swift */,
				B54891A8282B15F700B9ABF4 /* SearchViewInfo.swift */,
			);
			path = Views;
			sourceTree = "<group>";
		};
		3F396FE528229ED300E1D336 /* Models */ = {
			isa = PBXGroup;
			children = (
				3F396FE628229F0100E1D336 /* User.swift */,
				55738AC22823CED200A5ED38 /* Review.swift */,
				55738AC42823CF6F00A5ED38 /* Movie.swift */,
				B548919F282830F100B9ABF4 /* APIResponse.swift */,
				3FBC1B1828323126007D83B7 /* MovieFS.swift */,
			);
			path = Models;
			sourceTree = "<group>";
		};
		3FC3D1B32823C9420005E8BD /* Services */ = {
			isa = PBXGroup;
			children = (
				3FC3D1B42823C9970005E8BD /* FirestoreManager.swift */,
				B548919D282800B000B9ABF4 /* Constants.swift */,
			);
			path = Services;
			sourceTree = "<group>";
		};
		415764DE282273AD00A9795A /* ViewModels */ = {
			isa = PBXGroup;
			children = (
				415764DF2822743300A9795A /* UserManager.swift */,
				B54891992827F68500B9ABF4 /* MovieListViewModel.swift */,
				55D7B82128294A0900D7F31D /* MovieViewModel.swift */,
				3FBC1B1A2832389B007D83B7 /* ReviewManager.swift */,
			);
			path = ViewModels;
			sourceTree = "<group>";
		};
/* End PBXGroup section */

/* Begin PBXNativeTarget section */
		3F2F5679281FE5EA00C6AF76 /* MovieMates */ = {
			isa = PBXNativeTarget;
			buildConfigurationList = 3F2F5688281FE5EB00C6AF76 /* Build configuration list for PBXNativeTarget "MovieMates" */;
			buildPhases = (
				3F2F5676281FE5EA00C6AF76 /* Sources */,
				3F2F5677281FE5EA00C6AF76 /* Frameworks */,
				3F2F5678281FE5EA00C6AF76 /* Resources */,
			);
			buildRules = (
			);
			dependencies = (
			);
			name = MovieMates;
			packageProductDependencies = (
				3F396FD32822917B00E1D336 /* FirebaseAuth */,
				3F396FD52822917B00E1D336 /* FirebaseFirestore */,
				3F396FD72822917B00E1D336 /* FirebaseFirestoreSwift-Beta */,
				3F396FDA282291C000E1D336 /* FirebaseAuthUI */,
				3F396FDC282291C000E1D336 /* FirebaseFacebookAuthUI */,
				3F396FDE282291C000E1D336 /* FirebaseGoogleAuthUI */,
				3F396FE0282291C000E1D336 /* FirebaseOAuthUI */,
				B54891972827B44A00B9ABF4 /* Alamofire */,
				B54891A22828FB6F00B9ABF4 /* AlamofireImage */,
			);
			productName = MovieMates;
			productReference = 3F2F567A281FE5EA00C6AF76 /* MovieMates.app */;
			productType = "com.apple.product-type.application";
		};
/* End PBXNativeTarget section */

/* Begin PBXProject section */
		3F2F5672281FE5EA00C6AF76 /* Project object */ = {
			isa = PBXProject;
			attributes = {
				BuildIndependentTargetsInParallel = 1;
				LastSwiftUpdateCheck = 1330;
				LastUpgradeCheck = 1330;
				TargetAttributes = {
					3F2F5679281FE5EA00C6AF76 = {
						CreatedOnToolsVersion = 13.3.1;
					};
				};
			};
			buildConfigurationList = 3F2F5675281FE5EA00C6AF76 /* Build configuration list for PBXProject "MovieMates" */;
			compatibilityVersion = "Xcode 13.0";
			developmentRegion = en;
			hasScannedForEncodings = 0;
			knownRegions = (
				en,
				Base,
			);
			mainGroup = 3F2F5671281FE5EA00C6AF76;
			packageReferences = (
				3F396FD22822917B00E1D336 /* XCRemoteSwiftPackageReference "firebase-ios-sdk" */,
				3F396FD9282291C000E1D336 /* XCRemoteSwiftPackageReference "FirebaseUI-iOS" */,
				B54891962827B44A00B9ABF4 /* XCRemoteSwiftPackageReference "Alamofire" */,
				B54891A12828FB6F00B9ABF4 /* XCRemoteSwiftPackageReference "AlamofireImage" */,
			);
			productRefGroup = 3F2F567B281FE5EA00C6AF76 /* Products */;
			projectDirPath = "";
			projectRoot = "";
			targets = (
				3F2F5679281FE5EA00C6AF76 /* MovieMates */,
			);
		};
/* End PBXProject section */

/* Begin PBXResourcesBuildPhase section */
		3F2F5678281FE5EA00C6AF76 /* Resources */ = {
			isa = PBXResourcesBuildPhase;
			buildActionMask = 2147483647;
			files = (
				3F2F5685281FE5EB00C6AF76 /* Preview Assets.xcassets in Resources */,
				3F2F5682281FE5EB00C6AF76 /* Assets.xcassets in Resources */,
				3F396FE32822940B00E1D336 /* GoogleService-Info.plist in Resources */,
			);
			runOnlyForDeploymentPostprocessing = 0;
		};
/* End PBXResourcesBuildPhase section */

/* Begin PBXSourcesBuildPhase section */
		3F2F5676281FE5EA00C6AF76 /* Sources */ = {
			isa = PBXSourcesBuildPhase;
			buildActionMask = 2147483647;
			files = (
				3F2F5680281FE5EA00C6AF76 /* ContentView.swift in Sources */,
				3FBC1B1B2832389B007D83B7 /* ReviewManager.swift in Sources */,
				3F2F5690281FEEAE00C6AF76 /* HomeView.swift in Sources */,
				3F2F5692281FEEE200C6AF76 /* ProfileView.swift in Sources */,
				3F2F568E281FECBA00C6AF76 /* WelcomeView.swift in Sources */,
				415764E22829063500A9795A /* SettingsSheet.swift in Sources */,
				55D7B82228294A0900D7F31D /* MovieViewModel.swift in Sources */,
				3F2F5694281FEF1200C6AF76 /* SearchView.swift in Sources */,
				55738AC72823D2E300A5ED38 /* MovieCardView.swift in Sources */,
				55738AC32823CED200A5ED38 /* Review.swift in Sources */,
				1FABF9012822B734006F5259 /* MovieView.swift in Sources */,
				3F2972C32822C94900D1616D /* ReviewSheet.swift in Sources */,
				55738AC52823CF6F00A5ED38 /* Movie.swift in Sources */,
				B54891A9282B15F700B9ABF4 /* SearchViewInfo.swift in Sources */,
				3FC3D1B52823C9970005E8BD /* FirestoreManager.swift in Sources */,
				B548919A2827F68500B9ABF4 /* MovieListViewModel.swift in Sources */,
				3F396FE728229F0100E1D336 /* User.swift in Sources */,
				3F2F567E281FE5EA00C6AF76 /* MovieMatesApp.swift in Sources */,
				3FBC1B1928323126007D83B7 /* MovieFS.swift in Sources */,
				3F2972C02822C67D00D1616D /* AppDelegate.swift in Sources */,
				B548919C2827F97F00B9ABF4 /* SearchBar.swift in Sources */,
				415764E02822743300A9795A /* UserManager.swift in Sources */,
				41319567282A8AA9004F9015 /* NotificationSheet.swift in Sources */,
				B548919E282800B000B9ABF4 /* Constants.swift in Sources */,
				B54891A0282830F100B9ABF4 /* APIResponse.swift in Sources */,
			);
			runOnlyForDeploymentPostprocessing = 0;
		};
/* End PBXSourcesBuildPhase section */

/* Begin XCBuildConfiguration section */
		3F2F5686281FE5EB00C6AF76 /* Debug */ = {
			isa = XCBuildConfiguration;
			buildSettings = {
				ALWAYS_SEARCH_USER_PATHS = NO;
				CLANG_ANALYZER_NONNULL = YES;
				CLANG_ANALYZER_NUMBER_OBJECT_CONVERSION = YES_AGGRESSIVE;
				CLANG_CXX_LANGUAGE_STANDARD = "gnu++17";
				CLANG_ENABLE_MODULES = YES;
				CLANG_ENABLE_OBJC_ARC = YES;
				CLANG_ENABLE_OBJC_WEAK = YES;
				CLANG_WARN_BLOCK_CAPTURE_AUTORELEASING = YES;
				CLANG_WARN_BOOL_CONVERSION = YES;
				CLANG_WARN_COMMA = YES;
				CLANG_WARN_CONSTANT_CONVERSION = YES;
				CLANG_WARN_DEPRECATED_OBJC_IMPLEMENTATIONS = YES;
				CLANG_WARN_DIRECT_OBJC_ISA_USAGE = YES_ERROR;
				CLANG_WARN_DOCUMENTATION_COMMENTS = YES;
				CLANG_WARN_EMPTY_BODY = YES;
				CLANG_WARN_ENUM_CONVERSION = YES;
				CLANG_WARN_INFINITE_RECURSION = YES;
				CLANG_WARN_INT_CONVERSION = YES;
				CLANG_WARN_NON_LITERAL_NULL_CONVERSION = YES;
				CLANG_WARN_OBJC_IMPLICIT_RETAIN_SELF = YES;
				CLANG_WARN_OBJC_LITERAL_CONVERSION = YES;
				CLANG_WARN_OBJC_ROOT_CLASS = YES_ERROR;
				CLANG_WARN_QUOTED_INCLUDE_IN_FRAMEWORK_HEADER = YES;
				CLANG_WARN_RANGE_LOOP_ANALYSIS = YES;
				CLANG_WARN_STRICT_PROTOTYPES = YES;
				CLANG_WARN_SUSPICIOUS_MOVE = YES;
				CLANG_WARN_UNGUARDED_AVAILABILITY = YES_AGGRESSIVE;
				CLANG_WARN_UNREACHABLE_CODE = YES;
				CLANG_WARN__DUPLICATE_METHOD_MATCH = YES;
				COPY_PHASE_STRIP = NO;
				DEBUG_INFORMATION_FORMAT = dwarf;
				ENABLE_STRICT_OBJC_MSGSEND = YES;
				ENABLE_TESTABILITY = YES;
				GCC_C_LANGUAGE_STANDARD = gnu11;
				GCC_DYNAMIC_NO_PIC = NO;
				GCC_NO_COMMON_BLOCKS = YES;
				GCC_OPTIMIZATION_LEVEL = 0;
				GCC_PREPROCESSOR_DEFINITIONS = (
					"DEBUG=1",
					"$(inherited)",
				);
				GCC_WARN_64_TO_32_BIT_CONVERSION = YES;
				GCC_WARN_ABOUT_RETURN_TYPE = YES_ERROR;
				GCC_WARN_UNDECLARED_SELECTOR = YES;
				GCC_WARN_UNINITIALIZED_AUTOS = YES_AGGRESSIVE;
				GCC_WARN_UNUSED_FUNCTION = YES;
				GCC_WARN_UNUSED_VARIABLE = YES;
				IPHONEOS_DEPLOYMENT_TARGET = 15.0;
				MTL_ENABLE_DEBUG_INFO = INCLUDE_SOURCE;
				MTL_FAST_MATH = YES;
				ONLY_ACTIVE_ARCH = YES;
				SDKROOT = iphoneos;
				SWIFT_ACTIVE_COMPILATION_CONDITIONS = DEBUG;
				SWIFT_OPTIMIZATION_LEVEL = "-Onone";
			};
			name = Debug;
		};
		3F2F5687281FE5EB00C6AF76 /* Release */ = {
			isa = XCBuildConfiguration;
			buildSettings = {
				ALWAYS_SEARCH_USER_PATHS = NO;
				CLANG_ANALYZER_NONNULL = YES;
				CLANG_ANALYZER_NUMBER_OBJECT_CONVERSION = YES_AGGRESSIVE;
				CLANG_CXX_LANGUAGE_STANDARD = "gnu++17";
				CLANG_ENABLE_MODULES = YES;
				CLANG_ENABLE_OBJC_ARC = YES;
				CLANG_ENABLE_OBJC_WEAK = YES;
				CLANG_WARN_BLOCK_CAPTURE_AUTORELEASING = YES;
				CLANG_WARN_BOOL_CONVERSION = YES;
				CLANG_WARN_COMMA = YES;
				CLANG_WARN_CONSTANT_CONVERSION = YES;
				CLANG_WARN_DEPRECATED_OBJC_IMPLEMENTATIONS = YES;
				CLANG_WARN_DIRECT_OBJC_ISA_USAGE = YES_ERROR;
				CLANG_WARN_DOCUMENTATION_COMMENTS = YES;
				CLANG_WARN_EMPTY_BODY = YES;
				CLANG_WARN_ENUM_CONVERSION = YES;
				CLANG_WARN_INFINITE_RECURSION = YES;
				CLANG_WARN_INT_CONVERSION = YES;
				CLANG_WARN_NON_LITERAL_NULL_CONVERSION = YES;
				CLANG_WARN_OBJC_IMPLICIT_RETAIN_SELF = YES;
				CLANG_WARN_OBJC_LITERAL_CONVERSION = YES;
				CLANG_WARN_OBJC_ROOT_CLASS = YES_ERROR;
				CLANG_WARN_QUOTED_INCLUDE_IN_FRAMEWORK_HEADER = YES;
				CLANG_WARN_RANGE_LOOP_ANALYSIS = YES;
				CLANG_WARN_STRICT_PROTOTYPES = YES;
				CLANG_WARN_SUSPICIOUS_MOVE = YES;
				CLANG_WARN_UNGUARDED_AVAILABILITY = YES_AGGRESSIVE;
				CLANG_WARN_UNREACHABLE_CODE = YES;
				CLANG_WARN__DUPLICATE_METHOD_MATCH = YES;
				COPY_PHASE_STRIP = NO;
				DEBUG_INFORMATION_FORMAT = "dwarf-with-dsym";
				ENABLE_NS_ASSERTIONS = NO;
				ENABLE_STRICT_OBJC_MSGSEND = YES;
				GCC_C_LANGUAGE_STANDARD = gnu11;
				GCC_NO_COMMON_BLOCKS = YES;
				GCC_WARN_64_TO_32_BIT_CONVERSION = YES;
				GCC_WARN_ABOUT_RETURN_TYPE = YES_ERROR;
				GCC_WARN_UNDECLARED_SELECTOR = YES;
				GCC_WARN_UNINITIALIZED_AUTOS = YES_AGGRESSIVE;
				GCC_WARN_UNUSED_FUNCTION = YES;
				GCC_WARN_UNUSED_VARIABLE = YES;
				IPHONEOS_DEPLOYMENT_TARGET = 15.0;
				MTL_ENABLE_DEBUG_INFO = NO;
				MTL_FAST_MATH = YES;
				SDKROOT = iphoneos;
				SWIFT_COMPILATION_MODE = wholemodule;
				SWIFT_OPTIMIZATION_LEVEL = "-O";
				VALIDATE_PRODUCT = YES;
			};
			name = Release;
		};
		3F2F5689281FE5EB00C6AF76 /* Debug */ = {
			isa = XCBuildConfiguration;
			buildSettings = {
				ASSETCATALOG_COMPILER_APPICON_NAME = AppIcon;
				ASSETCATALOG_COMPILER_GLOBAL_ACCENT_COLOR_NAME = AccentColor;
				CODE_SIGN_STYLE = Automatic;
				CURRENT_PROJECT_VERSION = 1;
				DEVELOPMENT_ASSET_PATHS = "\"MovieMates/Preview Content\"";
				DEVELOPMENT_TEAM = KWQ4QJC9D4;
				ENABLE_PREVIEWS = YES;
				GENERATE_INFOPLIST_FILE = YES;
				INFOPLIST_FILE = MovieMates/Info.plist;
				INFOPLIST_KEY_UIApplicationSceneManifest_Generation = YES;
				INFOPLIST_KEY_UIApplicationSupportsIndirectInputEvents = YES;
				INFOPLIST_KEY_UILaunchScreen_Generation = YES;
				INFOPLIST_KEY_UISupportedInterfaceOrientations_iPad = "UIInterfaceOrientationPortrait UIInterfaceOrientationPortraitUpsideDown UIInterfaceOrientationLandscapeLeft UIInterfaceOrientationLandscapeRight";
				INFOPLIST_KEY_UISupportedInterfaceOrientations_iPhone = "UIInterfaceOrientationPortrait UIInterfaceOrientationLandscapeLeft UIInterfaceOrientationLandscapeRight";
				LD_RUNPATH_SEARCH_PATHS = (
					"$(inherited)",
					"@executable_path/Frameworks",
				);
				MARKETING_VERSION = 1.0;
				PRODUCT_BUNDLE_IDENTIFIER = com.joakimandersson.MovieMates;
				PRODUCT_NAME = "$(TARGET_NAME)";
				SWIFT_EMIT_LOC_STRINGS = YES;
				SWIFT_VERSION = 5.0;
				TARGETED_DEVICE_FAMILY = "1,2";
			};
			name = Debug;
		};
		3F2F568A281FE5EB00C6AF76 /* Release */ = {
			isa = XCBuildConfiguration;
			buildSettings = {
				ASSETCATALOG_COMPILER_APPICON_NAME = AppIcon;
				ASSETCATALOG_COMPILER_GLOBAL_ACCENT_COLOR_NAME = AccentColor;
				CODE_SIGN_STYLE = Automatic;
				CURRENT_PROJECT_VERSION = 1;
				DEVELOPMENT_ASSET_PATHS = "\"MovieMates/Preview Content\"";
				DEVELOPMENT_TEAM = KWQ4QJC9D4;
				ENABLE_PREVIEWS = YES;
				GENERATE_INFOPLIST_FILE = YES;
				INFOPLIST_FILE = MovieMates/Info.plist;
				INFOPLIST_KEY_UIApplicationSceneManifest_Generation = YES;
				INFOPLIST_KEY_UIApplicationSupportsIndirectInputEvents = YES;
				INFOPLIST_KEY_UILaunchScreen_Generation = YES;
				INFOPLIST_KEY_UISupportedInterfaceOrientations_iPad = "UIInterfaceOrientationPortrait UIInterfaceOrientationPortraitUpsideDown UIInterfaceOrientationLandscapeLeft UIInterfaceOrientationLandscapeRight";
				INFOPLIST_KEY_UISupportedInterfaceOrientations_iPhone = "UIInterfaceOrientationPortrait UIInterfaceOrientationLandscapeLeft UIInterfaceOrientationLandscapeRight";
				LD_RUNPATH_SEARCH_PATHS = (
					"$(inherited)",
					"@executable_path/Frameworks",
				);
				MARKETING_VERSION = 1.0;
				PRODUCT_BUNDLE_IDENTIFIER = com.joakimandersson.MovieMates;
				PRODUCT_NAME = "$(TARGET_NAME)";
				SWIFT_EMIT_LOC_STRINGS = YES;
				SWIFT_VERSION = 5.0;
				TARGETED_DEVICE_FAMILY = "1,2";
			};
			name = Release;
		};
/* End XCBuildConfiguration section */

/* Begin XCConfigurationList section */
		3F2F5675281FE5EA00C6AF76 /* Build configuration list for PBXProject "MovieMates" */ = {
			isa = XCConfigurationList;
			buildConfigurations = (
				3F2F5686281FE5EB00C6AF76 /* Debug */,
				3F2F5687281FE5EB00C6AF76 /* Release */,
			);
			defaultConfigurationIsVisible = 0;
			defaultConfigurationName = Release;
		};
		3F2F5688281FE5EB00C6AF76 /* Build configuration list for PBXNativeTarget "MovieMates" */ = {
			isa = XCConfigurationList;
			buildConfigurations = (
				3F2F5689281FE5EB00C6AF76 /* Debug */,
				3F2F568A281FE5EB00C6AF76 /* Release */,
			);
			defaultConfigurationIsVisible = 0;
			defaultConfigurationName = Release;
		};
/* End XCConfigurationList section */

/* Begin XCRemoteSwiftPackageReference section */
		3F396FD22822917B00E1D336 /* XCRemoteSwiftPackageReference "firebase-ios-sdk" */ = {
			isa = XCRemoteSwiftPackageReference;
			repositoryURL = "https://github.com/firebase/firebase-ios-sdk.git";
			requirement = {
				kind = upToNextMinorVersion;
				minimumVersion = 8.9.0;
			};
		};
		3F396FD9282291C000E1D336 /* XCRemoteSwiftPackageReference "FirebaseUI-iOS" */ = {
			isa = XCRemoteSwiftPackageReference;
			repositoryURL = "https://github.com/firebase/FirebaseUI-iOS";
			requirement = {
				branch = master;
				kind = branch;
			};
		};
		B54891962827B44A00B9ABF4 /* XCRemoteSwiftPackageReference "Alamofire" */ = {
			isa = XCRemoteSwiftPackageReference;
			repositoryURL = "https://github.com/Alamofire/Alamofire";
			requirement = {
				branch = master;
				kind = branch;
			};
		};
		B54891A12828FB6F00B9ABF4 /* XCRemoteSwiftPackageReference "AlamofireImage" */ = {
			isa = XCRemoteSwiftPackageReference;
			repositoryURL = "https://github.com/Alamofire/AlamofireImage";
			requirement = {
				kind = upToNextMajorVersion;
				minimumVersion = 4.0.0;
			};
		};
/* End XCRemoteSwiftPackageReference section */

/* Begin XCSwiftPackageProductDependency section */
		3F396FD32822917B00E1D336 /* FirebaseAuth */ = {
			isa = XCSwiftPackageProductDependency;
			package = 3F396FD22822917B00E1D336 /* XCRemoteSwiftPackageReference "firebase-ios-sdk" */;
			productName = FirebaseAuth;
		};
		3F396FD52822917B00E1D336 /* FirebaseFirestore */ = {
			isa = XCSwiftPackageProductDependency;
			package = 3F396FD22822917B00E1D336 /* XCRemoteSwiftPackageReference "firebase-ios-sdk" */;
			productName = FirebaseFirestore;
		};
		3F396FD72822917B00E1D336 /* FirebaseFirestoreSwift-Beta */ = {
			isa = XCSwiftPackageProductDependency;
			package = 3F396FD22822917B00E1D336 /* XCRemoteSwiftPackageReference "firebase-ios-sdk" */;
			productName = "FirebaseFirestoreSwift-Beta";
		};
		3F396FDA282291C000E1D336 /* FirebaseAuthUI */ = {
			isa = XCSwiftPackageProductDependency;
			package = 3F396FD9282291C000E1D336 /* XCRemoteSwiftPackageReference "FirebaseUI-iOS" */;
			productName = FirebaseAuthUI;
		};
		3F396FDC282291C000E1D336 /* FirebaseFacebookAuthUI */ = {
			isa = XCSwiftPackageProductDependency;
			package = 3F396FD9282291C000E1D336 /* XCRemoteSwiftPackageReference "FirebaseUI-iOS" */;
			productName = FirebaseFacebookAuthUI;
		};
		3F396FDE282291C000E1D336 /* FirebaseGoogleAuthUI */ = {
			isa = XCSwiftPackageProductDependency;
			package = 3F396FD9282291C000E1D336 /* XCRemoteSwiftPackageReference "FirebaseUI-iOS" */;
			productName = FirebaseGoogleAuthUI;
		};
		3F396FE0282291C000E1D336 /* FirebaseOAuthUI */ = {
			isa = XCSwiftPackageProductDependency;
			package = 3F396FD9282291C000E1D336 /* XCRemoteSwiftPackageReference "FirebaseUI-iOS" */;
			productName = FirebaseOAuthUI;
		};
		B54891972827B44A00B9ABF4 /* Alamofire */ = {
			isa = XCSwiftPackageProductDependency;
			package = B54891962827B44A00B9ABF4 /* XCRemoteSwiftPackageReference "Alamofire" */;
			productName = Alamofire;
		};
		B54891A22828FB6F00B9ABF4 /* AlamofireImage */ = {
			isa = XCSwiftPackageProductDependency;
			package = B54891A12828FB6F00B9ABF4 /* XCRemoteSwiftPackageReference "AlamofireImage" */;
			productName = AlamofireImage;
		};
/* End XCSwiftPackageProductDependency section */
	};
	rootObject = 3F2F5672281FE5EA00C6AF76 /* Project object */;
}
